
Microsoft Visual Studio Solution File, Format Version 11.00
# Visual Studio 2010
Project("{FAE04EC0-301F-11D3-BF4B-00C04F79EFBC}") = "GPuzzle", "Assembly-CSharp-firstpass.csproj", "{A54E58A3-AC06-706A-CD36-06CB413A5123}"
EndProject
Project("{FAE04EC0-301F-11D3-BF4B-00C04F79EFBC}") = "GPuzzle", "Assembly-CSharp.csproj", "{D20F3BF4-3AF1-C998-A2A8-BD143758D607}"
EndProject
Global
	GlobalSection(SolutionConfigurationPlatforms) = preSolution
		Debug|Any CPU = Debug|Any CPU
		Release|Any CPU = Release|Any CPU
	EndGlobalSection
	GlobalSection(ProjectConfigurationPlatforms) = postSolution
		{A54E58A3-AC06-706A-CD36-06CB413A5123}.Debug|Any CPU.ActiveCfg = Debug|Any CPU
		{A54E58A3-AC06-706A-CD36-06CB413A5123}.Debug|Any CPU.Build.0 = Debug|Any CPU
		{A54E58A3-AC06-706A-CD36-06CB413A5123}.Release|Any CPU.ActiveCfg = Release|Any CPU
		{A54E58A3-AC06-706A-CD36-06CB413A5123}.Release|Any CPU.Build.0 = Release|Any CPU
		{D20F3BF4-3AF1-C998-A2A8-BD143758D607}.Debug|Any CPU.ActiveCfg = Debug|Any CPU
		{D20F3BF4-3AF1-C998-A2A8-BD143758D607}.Debug|Any CPU.Build.0 = Debug|Any CPU
		{D20F3BF4-3AF1-C998-A2A8-BD143758D607}.Release|Any CPU.ActiveCfg = Release|Any CPU
		{D20F3BF4-3AF1-C998-A2A8-BD143758D607}.Release|Any CPU.Build.0 = Release|Any CPU
	EndGlobalSection
	GlobalSection(SolutionProperties) = preSolution
		HideSolutionNode = FALSE
	EndGlobalSection
	GlobalSection(MonoDevelopProperties) = preSolution
		StartupItem = Assembly-CSharp.csproj
	EndGlobalSection
EndGlobal
